Microsoft Visual Studio Solution File, Format Version 12.00
# Visual Studio Version 17
VisualStudioVersion = 17.5.2.0
MinimumVisualStudioVersion = 10.0.40219.1
Project("{FAE04EC0-301F-11D3-BF4B-00C04F79EFBC}") = "calculate-final-gpa", "calculate-final-gpa.csproj", "{B3465FC8-AA7F-4D2E-5725-DBACA0C0ED20}"
EndProject
Global
	GlobalSection(SolutionConfigurationPlatforms) = preSolution
		Debug|Any CPU = Debug|Any CPU
		Release|Any CPU = Release|Any CPU
	EndGlobalSection
	GlobalSection(ProjectConfigurationPlatforms) = postSolution
		{B3465FC8-AA7F-4D2E-5725-DBACA0C0ED20}.Debug|Any CPU.ActiveCfg = Debug|Any CPU
		{B3465FC8-AA7F-4D2E-5725-DBACA0C0ED20}.Debug|Any CPU.Build.0 = Debug|Any CPU
		{B3465FC8-AA7F-4D2E-5725-DBACA0C0ED20}.Release|Any CPU.ActiveCfg = Release|Any CPU
		{B3465FC8-AA7F-4D2E-5725-DBACA0C0ED20}.Release|Any CPU.Build.0 = Release|Any CPU
	EndGlobalSection
	GlobalSection(SolutionProperties) = preSolution
		HideSolutionNode = FALSE
	EndGlobalSection
	GlobalSection(ExtensibilityGlobals) = postSolution
		SolutionGuid = {3C0FDAB6-661D-487C-8196-FDB9D7A33AD0}
	EndGlobalSection
EndGlobal
